
Microsoft Visual Studio Solution File, Format Version 12.00
# Visual Studio Version 16
VisualStudioVersion = 16.0.30204.135
MinimumVisualStudioVersion = 10.0.40219.1
Project("{FAE04EC0-301F-11D3-BF4B-00C04F79EFBC}") = "BasicXamarin", "BasicXamarin\BasicXamarin.csproj", "{6B82AA0E-11A1-455E-BF28-80253411CB4C}"
EndProject
Project("{FAE04EC0-301F-11D3-BF4B-00C04F79EFBC}") = "BasicXamarin.Android", "BasicXamarin.Android\BasicXamarin.Android.csproj", "{892F8F5F-CCC7-43EF-B2D6-911D94FA3A68}"
EndProject
Project("{FAE04EC0-301F-11D3-BF4B-00C04F79EFBC}") = "BasicXamarin.iOS", "BasicXamarin.iOS\BasicXamarin.iOS.csproj", "{ABFC953C-BA6A-4F48-AB9D-5D5561D59F78}"
EndProject
Project("{FAE04EC0-301F-11D3-BF4B-00C04F79EFBC}") = "BasicXamarin.Core", "BasicXamarin.Core\BasicXamarin.Core.csproj", "{EFC11F03-4258-4821-8C3D-D2B2113FB084}"
EndProject
Project("{FAE04EC0-301F-11D3-BF4B-00C04F79EFBC}") = "BasicXamarin.Data", "BasicXamarin.Data\BasicXamarin.Data.csproj", "{F799722D-DD64-4E91-8A15-214D1EA8A7B6}"
EndProject
Project("{FAE04EC0-301F-11D3-BF4B-00C04F79EFBC}") = "BasicXamarin.Contract", "BasicXamarin.Contract\BasicXamarin.Contract.csproj", "{737BF67B-03E7-4269-84C1-F0732005AD72}"
EndProject
Project("{FAE04EC0-301F-11D3-BF4B-00C04F79EFBC}") = "BasicXamarin.Shared", "BasicXamarin.Shared\BasicXamarin.Shared.csproj", "{E817D406-9B19-4169-A09F-771133B6C7DB}"
EndProject
Global
	GlobalSection(SolutionConfigurationPlatforms) = preSolution
		Ad-Hoc|Any CPU = Ad-Hoc|Any CPU
		Ad-Hoc|iPhone = Ad-Hoc|iPhone
		Ad-Hoc|iPhoneSimulator = Ad-Hoc|iPhoneSimulator
		AppStore|Any CPU = AppStore|Any CPU
		AppStore|iPhone = AppStore|iPhone
		AppStore|iPhoneSimulator = AppStore|iPhoneSimulator
		Debug|Any CPU = Debug|Any CPU
		Debug|iPhone = Debug|iPhone
		Debug|iPhoneSimulator = Debug|iPhoneSimulator
		Release|Any CPU = Release|Any CPU
		Release|iPhone = Release|iPhone
		Release|iPhoneSimulator = Release|iPhoneSimulator
	EndGlobalSection
	GlobalSection(ProjectConfigurationPlatforms) = postSolution
		{6B82AA0E-11A1-455E-BF28-80253411CB4C}.Ad-Hoc|Any CPU.ActiveCfg = Debug|Any CPU
		{6B82AA0E-11A1-455E-BF28-80253411CB4C}.Ad-Hoc|Any CPU.Build.0 = Debug|Any CPU
		{6B82AA0E-11A1-455E-BF28-80253411CB4C}.Ad-Hoc|iPhone.ActiveCfg = Debug|Any CPU
		{6B82AA0E-11A1-455E-BF28-80253411CB4C}.Ad-Hoc|iPhone.Build.0 = Debug|Any CPU
		{6B82AA0E-11A1-455E-BF28-80253411CB4C}.Ad-Hoc|iPhoneSimulator.ActiveCfg = Debug|Any CPU
		{6B82AA0E-11A1-455E-BF28-80253411CB4C}.Ad-Hoc|iPhoneSimulator.Build.0 = Debug|Any CPU
		{6B82AA0E-11A1-455E-BF28-80253411CB4C}.AppStore|Any CPU.ActiveCfg = Debug|Any CPU
		{6B82AA0E-11A1-455E-BF28-80253411CB4C}.AppStore|Any CPU.Build.0 = Debug|Any CPU
		{6B82AA0E-11A1-455E-BF28-80253411CB4C}.AppStore|iPhone.ActiveCfg = Debug|Any CPU
		{6B82AA0E-11A1-455E-BF28-80253411CB4C}.AppStore|iPhone.Build.0 = Debug|Any CPU
		{6B82AA0E-11A1-455E-BF28-80253411CB4C}.AppStore|iPhoneSimulator.ActiveCfg = Debug|Any CPU
		{6B82AA0E-11A1-455E-BF28-80253411CB4C}.AppStore|iPhoneSimulator.Build.0 = Debug|Any CPU
		{6B82AA0E-11A1-455E-BF28-80253411CB4C}.Debug|Any CPU.ActiveCfg = Debug|Any CPU
		{6B82AA0E-11A1-455E-BF28-80253411CB4C}.Debug|Any CPU.Build.0 = Debug|Any CPU
		{6B82AA0E-11A1-455E-BF28-80253411CB4C}.Debug|iPhone.ActiveCfg = Debug|Any CPU
		{6B82AA0E-11A1-455E-BF28-80253411CB4C}.Debug|iPhone.Build.0 = Debug|Any CPU
		{6B82AA0E-11A1-455E-BF28-80253411CB4C}.Debug|iPhoneSimulator.ActiveCfg = Debug|Any CPU
		{6B82AA0E-11A1-455E-BF28-80253411CB4C}.Debug|iPhoneSimulator.Build.0 = Debug|Any CPU
		{6B82AA0E-11A1-455E-BF28-80253411CB4C}.Release|Any CPU.ActiveCfg = Release|Any CPU
		{6B82AA0E-11A1-455E-BF28-80253411CB4C}.Release|Any CPU.Build.0 = Release|Any CPU
		{6B82AA0E-11A1-455E-BF28-80253411CB4C}.Release|iPhone.ActiveCfg = Release|Any CPU
		{6B82AA0E-11A1-455E-BF28-80253411CB4C}.Release|iPhone.Build.0 = Release|Any CPU
		{6B82AA0E-11A1-455E-BF28-80253411CB4C}.Release|iPhoneSimulator.ActiveCfg = Release|Any CPU
		{6B82AA0E-11A1-455E-BF28-80253411CB4C}.Release|iPhoneSimulator.Build.0 = Release|Any CPU
		{892F8F5F-CCC7-43EF-B2D6-911D94FA3A68}.Ad-Hoc|Any CPU.ActiveCfg = Release|Any CPU
		{892F8F5F-CCC7-43EF-B2D6-911D94FA3A68}.Ad-Hoc|Any CPU.Build.0 = Release|Any CPU
		{892F8F5F-CCC7-43EF-B2D6-911D94FA3A68}.Ad-Hoc|Any CPU.Deploy.0 = Release|Any CPU
		{892F8F5F-CCC7-43EF-B2D6-911D94FA3A68}.Ad-Hoc|iPhone.ActiveCfg = Release|Any CPU
		{892F8F5F-CCC7-43EF-B2D6-911D94FA3A68}.Ad-Hoc|iPhone.Build.0 = Release|Any CPU
		{892F8F5F-CCC7-43EF-B2D6-911D94FA3A68}.Ad-Hoc|iPhone.Deploy.0 = Release|Any CPU
		{892F8F5F-CCC7-43EF-B2D6-911D94FA3A68}.Ad-Hoc|iPhoneSimulator.ActiveCfg = Release|Any CPU
		{892F8F5F-CCC7-43EF-B2D6-911D94FA3A68}.Ad-Hoc|iPhoneSimulator.Build.0 = Release|Any CPU
		{892F8F5F-CCC7-43EF-B2D6-911D94FA3A68}.Ad-Hoc|iPhoneSimulator.Deploy.0 = Release|Any CPU
		{892F8F5F-CCC7-43EF-B2D6-911D94FA3A68}.AppStore|Any CPU.ActiveCfg = Release|Any CPU
		{892F8F5F-CCC7-43EF-B2D6-911D94FA3A68}.AppStore|Any CPU.Build.0 = Release|Any CPU
		{892F8F5F-CCC7-43EF-B2D6-911D94FA3A68}.AppStore|Any CPU.Deploy.0 = Release|Any CPU
		{892F8F5F-CCC7-43EF-B2D6-911D94FA3A68}.AppStore|iPhone.ActiveCfg = Release|Any CPU
		{892F8F5F-CCC7-43EF-B2D6-911D94FA3A68}.AppStore|iPhone.Build.0 = Release|Any CPU
		{892F8F5F-CCC7-43EF-B2D6-911D94FA3A68}.AppStore|iPhone.Deploy.0 = Release|Any CPU
		{892F8F5F-CCC7-43EF-B2D6-911D94FA3A68}.AppStore|iPhoneSimulator.ActiveCfg = Release|Any CPU
		{892F8F5F-CCC7-43EF-B2D6-911D94FA3A68}.AppStore|iPhoneSimulator.Build.0 = Release|Any CPU
		{892F8F5F-CCC7-43EF-B2D6-911D94FA3A68}.AppStore|iPhoneSimulator.Deploy.0 = Release|Any CPU
		{892F8F5F-CCC7-43EF-B2D6-911D94FA3A68}.Debug|Any CPU.ActiveCfg = Debug|Any CPU
		{892F8F5F-CCC7-43EF-B2D6-911D94FA3A68}.Debug|Any CPU.Build.0 = Debug|Any CPU
		{892F8F5F-CCC7-43EF-B2D6-911D94FA3A68}.Debug|Any CPU.Deploy.0 = Debug|Any CPU
		{892F8F5F-CCC7-43EF-B2D6-911D94FA3A68}.Debug|iPhone.ActiveCfg = Debug|Any CPU
		{892F8F5F-CCC7-43EF-B2D6-911D94FA3A68}.Debug|iPhone.Build.0 = Debug|Any CPU
		{892F8F5F-CCC7-43EF-B2D6-911D94FA3A68}.Debug|iPhone.Deploy.0 = Debug|Any CPU
		{892F8F5F-CCC7-43EF-B2D6-911D94FA3A68}.Debug|iPhoneSimulator.ActiveCfg = Debug|Any CPU
		{892F8F5F-CCC7-43EF-B2D6-911D94FA3A68}.Debug|iPhoneSimulator.Build.0 = Debug|Any CPU
		{892F8F5F-CCC7-43EF-B2D6-911D94FA3A68}.Debug|iPhoneSimulator.Deploy.0 = Debug|Any CPU
		{892F8F5F-CCC7-43EF-B2D6-911D94FA3A68}.Release|Any CPU.ActiveCfg = Release|Any CPU
		{892F8F5F-CCC7-43EF-B2D6-911D94FA3A68}.Release|Any CPU.Build.0 = Release|Any CPU
		{892F8F5F-CCC7-43EF-B2D6-911D94FA3A68}.Release|Any CPU.Deploy.0 = Release|Any CPU
		{892F8F5F-CCC7-43EF-B2D6-911D94FA3A68}.Release|iPhone.ActiveCfg = Release|Any CPU
		{892F8F5F-CCC7-43EF-B2D6-911D94FA3A68}.Release|iPhone.Build.0 = Release|Any CPU
		{892F8F5F-CCC7-43EF-B2D6-911D94FA3A68}.Release|iPhone.Deploy.0 = Release|Any CPU
		{892F8F5F-CCC7-43EF-B2D6-911D94FA3A68}.Release|iPhoneSimulator.ActiveCfg = Release|Any CPU
		{892F8F5F-CCC7-43EF-B2D6-911D94FA3A68}.Release|iPhoneSimulator.Build.0 = Release|Any CPU
		{892F8F5F-CCC7-43EF-B2D6-911D94FA3A68}.Release|iPhoneSimulator.Deploy.0 = Release|Any CPU
		{ABFC953C-BA6A-4F48-AB9D-5D5561D59F78}.Ad-Hoc|Any CPU.ActiveCfg = Ad-Hoc|iPhone
		{ABFC953C-BA6A-4F48-AB9D-5D5561D59F78}.Ad-Hoc|iPhone.ActiveCfg = Ad-Hoc|iPhone
		{ABFC953C-BA6A-4F48-AB9D-5D5561D59F78}.Ad-Hoc|iPhone.Build.0 = Ad-Hoc|iPhone
		{ABFC953C-BA6A-4F48-AB9D-5D5561D59F78}.Ad-Hoc|iPhoneSimulator.ActiveCfg = Ad-Hoc|iPhoneSimulator
		{ABFC953C-BA6A-4F48-AB9D-5D5561D59F78}.Ad-Hoc|iPhoneSimulator.Build.0 = Ad-Hoc|iPhoneSimulator
		{ABFC953C-BA6A-4F48-AB9D-5D5561D59F78}.AppStore|Any CPU.ActiveCfg = AppStore|iPhone
		{ABFC953C-BA6A-4F48-AB9D-5D5561D59F78}.AppStore|iPhone.ActiveCfg = AppStore|iPhone
		{ABFC953C-BA6A-4F48-AB9D-5D5561D59F78}.AppStore|iPhone.Build.0 = AppStore|iPhone
		{ABFC953C-BA6A-4F48-AB9D-5D5561D59F78}.AppStore|iPhoneSimulator.ActiveCfg = AppStore|iPhoneSimulator
		{ABFC953C-BA6A-4F48-AB9D-5D5561D59F78}.AppStore|iPhoneSimulator.Build.0 = AppStore|iPhoneSimulator
		{ABFC953C-BA6A-4F48-AB9D-5D5561D59F78}.Debug|Any CPU.ActiveCfg = Debug|iPhone
		{ABFC953C-BA6A-4F48-AB9D-5D5561D59F78}.Debug|iPhone.ActiveCfg = Debug|iPhone
		{ABFC953C-BA6A-4F48-AB9D-5D5561D59F78}.Debug|iPhone.Build.0 = Debug|iPhone
		{ABFC953C-BA6A-4F48-AB9D-5D5561D59F78}.Debug|iPhoneSimulator.ActiveCfg = Debug|iPhoneSimulator
		{ABFC953C-BA6A-4F48-AB9D-5D5561D59F78}.Debug|iPhoneSimulator.Build.0 = Debug|iPhoneSimulator
		{ABFC953C-BA6A-4F48-AB9D-5D5561D59F78}.Release|Any CPU.ActiveCfg = Release|iPhone
		{ABFC953C-BA6A-4F48-AB9D-5D5561D59F78}.Release|iPhone.ActiveCfg = Release|iPhone
		{ABFC953C-BA6A-4F48-AB9D-5D5561D59F78}.Release|iPhone.Build.0 = Release|iPhone
		{ABFC953C-BA6A-4F48-AB9D-5D5561D59F78}.Release|iPhoneSimulator.ActiveCfg = Release|iPhoneSimulator
		{ABFC953C-BA6A-4F48-AB9D-5D5561D59F78}.Release|iPhoneSimulator.Build.0 = Release|iPhoneSimulator
		{EFC11F03-4258-4821-8C3D-D2B2113FB084}.Ad-Hoc|Any CPU.ActiveCfg = Debug|Any CPU
		{EFC11F03-4258-4821-8C3D-D2B2113FB084}.Ad-Hoc|Any CPU.Build.0 = Debug|Any CPU
		{EFC11F03-4258-4821-8C3D-D2B2113FB084}.Ad-Hoc|iPhone.ActiveCfg = Debug|Any CPU
		{EFC11F03-4258-4821-8C3D-D2B2113FB084}.Ad-Hoc|iPhone.Build.0 = Debug|Any CPU
		{EFC11F03-4258-4821-8C3D-D2B2113FB084}.Ad-Hoc|iPhoneSimulator.ActiveCfg = Debug|Any CPU
		{EFC11F03-4258-4821-8C3D-D2B2113FB084}.Ad-Hoc|iPhoneSimulator.Build.0 = Debug|Any CPU
		{EFC11F03-4258-4821-8C3D-D2B2113FB084}.AppStore|Any CPU.ActiveCfg = Debug|Any CPU
		{EFC11F03-4258-4821-8C3D-D2B2113FB084}.AppStore|Any CPU.Build.0 = Debug|Any CPU
		{EFC11F03-4258-4821-8C3D-D2B2113FB084}.AppStore|iPhone.ActiveCfg = Debug|Any CPU
		{EFC11F03-4258-4821-8C3D-D2B2113FB084}.AppStore|iPhone.Build.0 = Debug|Any CPU
		{EFC11F03-4258-4821-8C3D-D2B2113FB084}.AppStore|iPhoneSimulator.ActiveCfg = Debug|Any CPU
		{EFC11F03-4258-4821-8C3D-D2B2113FB084}.AppStore|iPhoneSimulator.Build.0 = Debug|Any CPU
		{EFC11F03-4258-4821-8C3D-D2B2113FB084}.Debug|Any CPU.ActiveCfg = Debug|Any CPU
		{EFC11F03-4258-4821-8C3D-D2B2113FB084}.Debug|Any CPU.Build.0 = Debug|Any CPU
		{EFC11F03-4258-4821-8C3D-D2B2113FB084}.Debug|iPhone.ActiveCfg = Debug|Any CPU
		{EFC11F03-4258-4821-8C3D-D2B2113FB084}.Debug|iPhone.Build.0 = Debug|Any CPU
		{EFC11F03-4258-4821-8C3D-D2B2113FB084}.Debug|iPhoneSimulator.ActiveCfg = Debug|Any CPU
		{EFC11F03-4258-4821-8C3D-D2B2113FB084}.Debug|iPhoneSimulator.Build.0 = Debug|Any CPU
		{EFC11F03-4258-4821-8C3D-D2B2113FB084}.Release|Any CPU.ActiveCfg = Release|Any CPU
		{EFC11F03-4258-4821-8C3D-D2B2113FB084}.Release|Any CPU.Build.0 = Release|Any CPU
		{EFC11F03-4258-4821-8C3D-D2B2113FB084}.Release|iPhone.ActiveCfg = Release|Any CPU
		{EFC11F03-4258-4821-8C3D-D2B2113FB084}.Release|iPhone.Build.0 = Release|Any CPU
		{EFC11F03-4258-4821-8C3D-D2B2113FB084}.Release|iPhoneSimulator.ActiveCfg = Release|Any CPU
		{EFC11F03-4258-4821-8C3D-D2B2113FB084}.Release|iPhoneSimulator.Build.0 = Release|Any CPU
		{F799722D-DD64-4E91-8A15-214D1EA8A7B6}.Ad-Hoc|Any CPU.ActiveCfg = Debug|Any CPU
		{F799722D-DD64-4E91-8A15-214D1EA8A7B6}.Ad-Hoc|Any CPU.Build.0 = Debug|Any CPU
		{F799722D-DD64-4E91-8A15-214D1EA8A7B6}.Ad-Hoc|iPhone.ActiveCfg = Debug|Any CPU
		{F799722D-DD64-4E91-8A15-214D1EA8A7B6}.Ad-Hoc|iPhone.Build.0 = Debug|Any CPU
		{F799722D-DD64-4E91-8A15-214D1EA8A7B6}.Ad-Hoc|iPhoneSimulator.ActiveCfg = Debug|Any CPU
		{F799722D-DD64-4E91-8A15-214D1EA8A7B6}.Ad-Hoc|iPhoneSimulator.Build.0 = Debug|Any CPU
		{F799722D-DD64-4E91-8A15-214D1EA8A7B6}.AppStore|Any CPU.ActiveCfg = Debug|Any CPU
		{F799722D-DD64-4E91-8A15-214D1EA8A7B6}.AppStore|Any CPU.Build.0 = Debug|Any CPU
		{F799722D-DD64-4E91-8A15-214D1EA8A7B6}.AppStore|iPhone.ActiveCfg = Debug|Any CPU
		{F799722D-DD64-4E91-8A15-214D1EA8A7B6}.AppStore|iPhone.Build.0 = Debug|Any CPU
		{F799722D-DD64-4E91-8A15-214D1EA8A7B6}.AppStore|iPhoneSimulator.ActiveCfg = Debug|Any CPU
		{F799722D-DD64-4E91-8A15-214D1EA8A7B6}.AppStore|iPhoneSimulator.Build.0 = Debug|Any CPU
		{F799722D-DD64-4E91-8A15-214D1EA8A7B6}.Debug|Any CPU.ActiveCfg = Debug|Any CPU
		{F799722D-DD64-4E91-8A15-214D1EA8A7B6}.Debug|Any CPU.Build.0 = Debug|Any CPU
		{F799722D-DD64-4E91-8A15-214D1EA8A7B6}.Debug|iPhone.ActiveCfg = Debug|Any CPU
		{F799722D-DD64-4E91-8A15-214D1EA8A7B6}.Debug|iPhone.Build.0 = Debug|Any CPU
		{F799722D-DD64-4E91-8A15-214D1EA8A7B6}.Debug|iPhoneSimulator.ActiveCfg = Debug|Any CPU
		{F799722D-DD64-4E91-8A15-214D1EA8A7B6}.Debug|iPhoneSimulator.Build.0 = Debug|Any CPU
		{F799722D-DD64-4E91-8A15-214D1EA8A7B6}.Release|Any CPU.ActiveCfg = Release|Any CPU
		{F799722D-DD64-4E91-8A15-214D1EA8A7B6}.Release|Any CPU.Build.0 = Release|Any CPU
		{F799722D-DD64-4E91-8A15-214D1EA8A7B6}.Release|iPhone.ActiveCfg = Release|Any CPU
		{F799722D-DD64-4E91-8A15-214D1EA8A7B6}.Release|iPhone.Build.0 = Release|Any CPU
		{F799722D-DD64-4E91-8A15-214D1EA8A7B6}.Release|iPhoneSimulator.ActiveCfg = Release|Any CPU
		{F799722D-DD64-4E91-8A15-214D1EA8A7B6}.Release|iPhoneSimulator.Build.0 = Release|Any CPU
		{737BF67B-03E7-4269-84C1-F0732005AD72}.Ad-Hoc|Any CPU.ActiveCfg = Debug|Any CPU
		{737BF67B-03E7-4269-84C1-F0732005AD72}.Ad-Hoc|Any CPU.Build.0 = Debug|Any CPU
		{737BF67B-03E7-4269-84C1-F0732005AD72}.Ad-Hoc|iPhone.ActiveCfg = Debug|Any CPU
		{737BF67B-03E7-4269-84C1-F0732005AD72}.Ad-Hoc|iPhone.Build.0 = Debug|Any CPU
		{737BF67B-03E7-4269-84C1-F0732005AD72}.Ad-Hoc|iPhoneSimulator.ActiveCfg = Debug|Any CPU
		{737BF67B-03E7-4269-84C1-F0732005AD72}.Ad-Hoc|iPhoneSimulator.Build.0 = Debug|Any CPU
		{737BF67B-03E7-4269-84C1-F0732005AD72}.AppStore|Any CPU.ActiveCfg = Debug|Any CPU
		{737BF67B-03E7-4269-84C1-F0732005AD72}.AppStore|Any CPU.Build.0 = Debug|Any CPU
		{737BF67B-03E7-4269-84C1-F0732005AD72}.AppStore|iPhone.ActiveCfg = Debug|Any CPU
		{737BF67B-03E7-4269-84C1-F0732005AD72}.AppStore|iPhone.Build.0 = Debug|Any CPU
		{737BF67B-03E7-4269-84C1-F0732005AD72}.AppStore|iPhoneSimulator.ActiveCfg = Debug|Any CPU
		{737BF67B-03E7-4269-84C1-F0732005AD72}.AppStore|iPhoneSimulator.Build.0 = Debug|Any CPU
		{737BF67B-03E7-4269-84C1-F0732005AD72}.Debug|Any CPU.ActiveCfg = Debug|Any CPU
		{737BF67B-03E7-4269-84C1-F0732005AD72}.Debug|Any CPU.Build.0 = Debug|Any CPU
		{737BF67B-03E7-4269-84C1-F0732005AD72}.Debug|iPhone.ActiveCfg = Debug|Any CPU
		{737BF67B-03E7-4269-84C1-F0732005AD72}.Debug|iPhone.Build.0 = Debug|Any CPU
		{737BF67B-03E7-4269-84C1-F0732005AD72}.Debug|iPhoneSimulator.ActiveCfg = Debug|Any CPU
		{737BF67B-03E7-4269-84C1-F0732005AD72}.Debug|iPhoneSimulator.Build.0 = Debug|Any CPU
		{737BF67B-03E7-4269-84C1-F0732005AD72}.Release|Any CPU.ActiveCfg = Release|Any CPU
		{737BF67B-03E7-4269-84C1-F0732005AD72}.Release|Any CPU.Build.0 = Release|Any CPU
		{737BF67B-03E7-4269-84C1-F0732005AD72}.Release|iPhone.ActiveCfg = Release|Any CPU
		{737BF67B-03E7-4269-84C1-F0732005AD72}.Release|iPhone.Build.0 = Release|Any CPU
		{737BF67B-03E7-4269-84C1-F0732005AD72}.Release|iPhoneSimulator.ActiveCfg = Release|Any CPU
		{737BF67B-03E7-4269-84C1-F0732005AD72}.Release|iPhoneSimulator.Build.0 = Release|Any CPU
		{E817D406-9B19-4169-A09F-771133B6C7DB}.Ad-Hoc|Any CPU.ActiveCfg = Debug|Any CPU
		{E817D406-9B19-4169-A09F-771133B6C7DB}.Ad-Hoc|Any CPU.Build.0 = Debug|Any CPU
		{E817D406-9B19-4169-A09F-771133B6C7DB}.Ad-Hoc|iPhone.ActiveCfg = Debug|Any CPU
		{E817D406-9B19-4169-A09F-771133B6C7DB}.Ad-Hoc|iPhone.Build.0 = Debug|Any CPU
		{E817D406-9B19-4169-A09F-771133B6C7DB}.Ad-Hoc|iPhoneSimulator.ActiveCfg = Debug|Any CPU
		{E817D406-9B19-4169-A09F-771133B6C7DB}.Ad-Hoc|iPhoneSimulator.Build.0 = Debug|Any CPU
		{E817D406-9B19-4169-A09F-771133B6C7DB}.AppStore|Any CPU.ActiveCfg = Debug|Any CPU
		{E817D406-9B19-4169-A09F-771133B6C7DB}.AppStore|Any CPU.Build.0 = Debug|Any CPU
		{E817D406-9B19-4169-A09F-771133B6C7DB}.AppStore|iPhone.ActiveCfg = Debug|Any CPU
		{E817D406-9B19-4169-A09F-771133B6C7DB}.AppStore|iPhone.Build.0 = Debug|Any CPU
		{E817D406-9B19-4169-A09F-771133B6C7DB}.AppStore|iPhoneSimulator.ActiveCfg = Debug|Any CPU
		{E817D406-9B19-4169-A09F-771133B6C7DB}.AppStore|iPhoneSimulator.Build.0 = Debug|Any CPU
		{E817D406-9B19-4169-A09F-771133B6C7DB}.Debug|Any CPU.ActiveCfg = Debug|Any CPU
		{E817D406-9B19-4169-A09F-771133B6C7DB}.Debug|Any CPU.Build.0 = Debug|Any CPU
		{E817D406-9B19-4169-A09F-771133B6C7DB}.Debug|iPhone.ActiveCfg = Debug|Any CPU
		{E817D406-9B19-4169-A09F-771133B6C7DB}.Debug|iPhone.Build.0 = Debug|Any CPU
		{E817D406-9B19-4169-A09F-771133B6C7DB}.Debug|iPhoneSimulator.ActiveCfg = Debug|Any CPU
		{E817D406-9B19-4169-A09F-771133B6C7DB}.Debug|iPhoneSimulator.Build.0 = Debug|Any CPU
		{E817D406-9B19-4169-A09F-771133B6C7DB}.Release|Any CPU.ActiveCfg = Release|Any CPU
		{E817D406-9B19-4169-A09F-771133B6C7DB}.Release|Any CPU.Build.0 = Release|Any CPU
		{E817D406-9B19-4169-A09F-771133B6C7DB}.Release|iPhone.ActiveCfg = Release|Any CPU
		{E817D406-9B19-4169-A09F-771133B6C7DB}.Release|iPhone.Build.0 = Release|Any CPU
		{E817D406-9B19-4169-A09F-771133B6C7DB}.Release|iPhoneSimulator.ActiveCfg = Release|Any CPU
		{E817D406-9B19-4169-A09F-771133B6C7DB}.Release|iPhoneSimulator.Build.0 = Release|Any CPU
	EndGlobalSection
	GlobalSection(SolutionProperties) = preSolution
		HideSolutionNode = FALSE
	EndGlobalSection
	GlobalSection(ExtensibilityGlobals) = postSolution
		SolutionGuid = {16D35BE0-F7F7-4FDE-9A45-C3B4B3CFA7B3}
	EndGlobalSection
EndGlobal
